
Microsoft Visual Studio Solution File, Format Version 12.00
# Visual Studio Version 17
VisualStudioVersion = 17.5.33516.290
MinimumVisualStudioVersion = 10.0.40219.1
Project("{2150E333-8FDC-42A3-9474-1A3956D46DE8}") = "src", "src", "{A45BE70E-E107-4ED2-A181-088ADCB9ADCF}"
EndProject
Project("{2150E333-8FDC-42A3-9474-1A3956D46DE8}") = "Domains", "Domains", "{E030EE87-32C7-4B04-9FF2-264B442151D0}"
EndProject
Project("{2150E333-8FDC-42A3-9474-1A3956D46DE8}") = "Application", "Application", "{8DF6EF15-7388-460E-BBBD-F8100C3773A6}"
EndProject
Project("{2150E333-8FDC-42A3-9474-1A3956D46DE8}") = "Infrastructure", "Infrastructure", "{B2717782-BE96-40FB-91FA-964E0DD31356}"
EndProject
Project("{2150E333-8FDC-42A3-9474-1A3956D46DE8}") = "WebAPI", "WebAPI", "{2B61C245-59FA-4D44-83CA-A9E2C96177D1}"
EndProject
Project("{2150E333-8FDC-42A3-9474-1A3956D46DE8}") = "WebUI", "WebUI", "{AC1F9404-E027-4102-82CB-4E4202745ECA}"
EndProject
Project("{FAE04EC0-301F-11D3-BF4B-00C04F79EFBC}") = "SurveyApp.DataTransferObjects", "SurveyApp.DataTransferObjects\SurveyApp.DataTransferObjects.csproj", "{D5308775-93CD-4532-BC7F-48502EE5CFB5}"
EndProject
Project("{FAE04EC0-301F-11D3-BF4B-00C04F79EFBC}") = "SurveyApp.Services", "SurveyApp.Services\SurveyApp.Services.csproj", "{5A7E7E92-2A84-4BD8-AB9F-A4C830303F72}"
EndProject
Project("{FAE04EC0-301F-11D3-BF4B-00C04F79EFBC}") = "SurveyApp.Entities", "SurveyApp.Entities\SurveyApp.Entities.csproj", "{E22C200B-6D73-4665-AE0E-3FDC2D61BCB6}"
EndProject
Project("{FAE04EC0-301F-11D3-BF4B-00C04F79EFBC}") = "SurveyApp.Infrastructure", "SurveyApp.Infrastructure\SurveyApp.Infrastructure.csproj", "{FB97C9A1-4A2D-4391-89A1-F66E91413FAD}"
EndProject
Project("{FAE04EC0-301F-11D3-BF4B-00C04F79EFBC}") = "SurveyApp.API", "SurveyApp.API\SurveyApp.API.csproj", "{F08C58AB-6A88-43D6-99B5-8C4AC5DF0250}"
EndProject
Project("{FAE04EC0-301F-11D3-BF4B-00C04F79EFBC}") = "SurveyApp.Mvc", "SurveyApp.Mvc\SurveyApp.Mvc.csproj", "{F3C509FE-E292-4990-97B6-72E46373256C}"
EndProject
Global
	GlobalSection(SolutionConfigurationPlatforms) = preSolution
		Debug|Any CPU = Debug|Any CPU
		Release|Any CPU = Release|Any CPU
	EndGlobalSection
	GlobalSection(ProjectConfigurationPlatforms) = postSolution
		{D5308775-93CD-4532-BC7F-48502EE5CFB5}.Debug|Any CPU.ActiveCfg = Debug|Any CPU
		{D5308775-93CD-4532-BC7F-48502EE5CFB5}.Debug|Any CPU.Build.0 = Debug|Any CPU
		{D5308775-93CD-4532-BC7F-48502EE5CFB5}.Release|Any CPU.ActiveCfg = Release|Any CPU
		{D5308775-93CD-4532-BC7F-48502EE5CFB5}.Release|Any CPU.Build.0 = Release|Any CPU
		{5A7E7E92-2A84-4BD8-AB9F-A4C830303F72}.Debug|Any CPU.ActiveCfg = Debug|Any CPU
		{5A7E7E92-2A84-4BD8-AB9F-A4C830303F72}.Debug|Any CPU.Build.0 = Debug|Any CPU
		{5A7E7E92-2A84-4BD8-AB9F-A4C830303F72}.Release|Any CPU.ActiveCfg = Release|Any CPU
		{5A7E7E92-2A84-4BD8-AB9F-A4C830303F72}.Release|Any CPU.Build.0 = Release|Any CPU
		{E22C200B-6D73-4665-AE0E-3FDC2D61BCB6}.Debug|Any CPU.ActiveCfg = Debug|Any CPU
		{E22C200B-6D73-4665-AE0E-3FDC2D61BCB6}.Debug|Any CPU.Build.0 = Debug|Any CPU
		{E22C200B-6D73-4665-AE0E-3FDC2D61BCB6}.Release|Any CPU.ActiveCfg = Release|Any CPU
		{E22C200B-6D73-4665-AE0E-3FDC2D61BCB6}.Release|Any CPU.Build.0 = Release|Any CPU
		{FB97C9A1-4A2D-4391-89A1-F66E91413FAD}.Debug|Any CPU.ActiveCfg = Debug|Any CPU
		{FB97C9A1-4A2D-4391-89A1-F66E91413FAD}.Debug|Any CPU.Build.0 = Debug|Any CPU
		{FB97C9A1-4A2D-4391-89A1-F66E91413FAD}.Release|Any CPU.ActiveCfg = Release|Any CPU
		{FB97C9A1-4A2D-4391-89A1-F66E91413FAD}.Release|Any CPU.Build.0 = Release|Any CPU
		{F08C58AB-6A88-43D6-99B5-8C4AC5DF0250}.Debug|Any CPU.ActiveCfg = Debug|Any CPU
		{F08C58AB-6A88-43D6-99B5-8C4AC5DF0250}.Debug|Any CPU.Build.0 = Debug|Any CPU
		{F08C58AB-6A88-43D6-99B5-8C4AC5DF0250}.Release|Any CPU.ActiveCfg = Release|Any CPU
		{F08C58AB-6A88-43D6-99B5-8C4AC5DF0250}.Release|Any CPU.Build.0 = Release|Any CPU
		{F3C509FE-E292-4990-97B6-72E46373256C}.Debug|Any CPU.ActiveCfg = Debug|Any CPU
		{F3C509FE-E292-4990-97B6-72E46373256C}.Debug|Any CPU.Build.0 = Debug|Any CPU
		{F3C509FE-E292-4990-97B6-72E46373256C}.Release|Any CPU.ActiveCfg = Release|Any CPU
		{F3C509FE-E292-4990-97B6-72E46373256C}.Release|Any CPU.Build.0 = Release|Any CPU
	EndGlobalSection
	GlobalSection(SolutionProperties) = preSolution
		HideSolutionNode = FALSE
	EndGlobalSection
	GlobalSection(NestedProjects) = preSolution
		{E030EE87-32C7-4B04-9FF2-264B442151D0} = {A45BE70E-E107-4ED2-A181-088ADCB9ADCF}
		{8DF6EF15-7388-460E-BBBD-F8100C3773A6} = {A45BE70E-E107-4ED2-A181-088ADCB9ADCF}
		{B2717782-BE96-40FB-91FA-964E0DD31356} = {A45BE70E-E107-4ED2-A181-088ADCB9ADCF}
		{2B61C245-59FA-4D44-83CA-A9E2C96177D1} = {A45BE70E-E107-4ED2-A181-088ADCB9ADCF}
		{AC1F9404-E027-4102-82CB-4E4202745ECA} = {A45BE70E-E107-4ED2-A181-088ADCB9ADCF}
		{D5308775-93CD-4532-BC7F-48502EE5CFB5} = {8DF6EF15-7388-460E-BBBD-F8100C3773A6}
		{5A7E7E92-2A84-4BD8-AB9F-A4C830303F72} = {8DF6EF15-7388-460E-BBBD-F8100C3773A6}
		{E22C200B-6D73-4665-AE0E-3FDC2D61BCB6} = {E030EE87-32C7-4B04-9FF2-264B442151D0}
		{FB97C9A1-4A2D-4391-89A1-F66E91413FAD} = {B2717782-BE96-40FB-91FA-964E0DD31356}
		{F08C58AB-6A88-43D6-99B5-8C4AC5DF0250} = {2B61C245-59FA-4D44-83CA-A9E2C96177D1}
		{F3C509FE-E292-4990-97B6-72E46373256C} = {AC1F9404-E027-4102-82CB-4E4202745ECA}
	EndGlobalSection
	GlobalSection(ExtensibilityGlobals) = postSolution
		SolutionGuid = {CCA93F8F-9C4C-4E6E-B7CD-197A906D7F3E}
	EndGlobalSection
EndGlobal
